
Microsoft Visual Studio Solution File, Format Version 12.00
# Visual Studio Version 16
VisualStudioVersion = 16.0.32126.315
MinimumVisualStudioVersion = 10.0.40219.1
Project("{FAE04EC0-301F-11D3-BF4B-00C04F79EFBC}") = "BP202Stadiums", "BP202Stadiums\BP202Stadiums.csproj", "{0736CF6E-DA9A-4FCB-9488-5D80E7855865}"
EndProject
Global
	GlobalSection(SolutionConfigurationPlatforms) = preSolution
		Debug|Any CPU = Debug|Any CPU
		Release|Any CPU = Release|Any CPU
	EndGlobalSection
	GlobalSection(ProjectConfigurationPlatforms) = postSolution
		{0736CF6E-DA9A-4FCB-9488-5D80E7855865}.Debug|Any CPU.ActiveCfg = Debug|Any CPU
		{0736CF6E-DA9A-4FCB-9488-5D80E7855865}.Debug|Any CPU.Build.0 = Debug|Any CPU
		{0736CF6E-DA9A-4FCB-9488-5D80E7855865}.Release|Any CPU.ActiveCfg = Release|Any CPU
		{0736CF6E-DA9A-4FCB-9488-5D80E7855865}.Release|Any CPU.Build.0 = Release|Any CPU
	EndGlobalSection
	GlobalSection(SolutionProperties) = preSolution
		HideSolutionNode = FALSE
	EndGlobalSection
	GlobalSection(ExtensibilityGlobals) = postSolution
		SolutionGuid = {B7A3716B-68D3-4F4F-8F3F-97764F686D6C}
	EndGlobalSection
EndGlobal
